
Microsoft Visual Studio Solution File, Format Version 12.00
# Visual Studio Version 16
VisualStudioVersion = 16.0.31005.135
MinimumVisualStudioVersion = 10.0.40219.1
Project("{FAE04EC0-301F-11D3-BF4B-00C04F79EFBC}") = "Demo-one", "Demo-one\Demo-one.csproj", "{4CC24A50-820D-4BFF-9CA9-F924F8E1FE13}"
EndProject
Global
	GlobalSection(SolutionConfigurationPlatforms) = preSolution
		Debug|Any CPU = Debug|Any CPU
		Release|Any CPU = Release|Any CPU
	EndGlobalSection
	GlobalSection(ProjectConfigurationPlatforms) = postSolution
		{4CC24A50-820D-4BFF-9CA9-F924F8E1FE13}.Debug|Any CPU.ActiveCfg = Debug|Any CPU
		{4CC24A50-820D-4BFF-9CA9-F924F8E1FE13}.Debug|Any CPU.Build.0 = Debug|Any CPU
		{4CC24A50-820D-4BFF-9CA9-F924F8E1FE13}.Release|Any CPU.ActiveCfg = Release|Any CPU
		{4CC24A50-820D-4BFF-9CA9-F924F8E1FE13}.Release|Any CPU.Build.0 = Release|Any CPU
	EndGlobalSection
	GlobalSection(SolutionProperties) = preSolution
		HideSolutionNode = FALSE
	EndGlobalSection
	GlobalSection(ExtensibilityGlobals) = postSolution
		SolutionGuid = {01D93EF9-6B01-44C8-9926-F7579E2D4EE5}
	EndGlobalSection
EndGlobal
